
Microsoft Visual Studio Solution File, Format Version 12.00
# Visual Studio Version 16
VisualStudioVersion = 16.0.29123.88
MinimumVisualStudioVersion = 10.0.40219.1
Project("{FAE04EC0-301F-11D3-BF4B-00C04F79EFBC}") = "TrainingSamples", "TrainingSamples\TrainingSamples.csproj", "{C85F9725-22AA-4C52-8CD3-9638BCB746D4}"
EndProject
Global
	GlobalSection(SolutionConfigurationPlatforms) = preSolution
		Debug|Any CPU = Debug|Any CPU
		Release|Any CPU = Release|Any CPU
	EndGlobalSection
	GlobalSection(ProjectConfigurationPlatforms) = postSolution
		{C85F9725-22AA-4C52-8CD3-9638BCB746D4}.Debug|Any CPU.ActiveCfg = Debug|Any CPU
		{C85F9725-22AA-4C52-8CD3-9638BCB746D4}.Debug|Any CPU.Build.0 = Debug|Any CPU
		{C85F9725-22AA-4C52-8CD3-9638BCB746D4}.Release|Any CPU.ActiveCfg = Release|Any CPU
		{C85F9725-22AA-4C52-8CD3-9638BCB746D4}.Release|Any CPU.Build.0 = Release|Any CPU
	EndGlobalSection
	GlobalSection(SolutionProperties) = preSolution
		HideSolutionNode = FALSE
	EndGlobalSection
	GlobalSection(ExtensibilityGlobals) = postSolution
		SolutionGuid = {E237B588-E53A-4CC0-B400-FBA1B99CAD4F}
	EndGlobalSection
EndGlobal
